
Microsoft Visual Studio Solution File, Format Version 12.00
# Visual Studio Version 16
VisualStudioVersion = 16.0.31005.135
MinimumVisualStudioVersion = 10.0.40219.1
Project("{FAE04EC0-301F-11D3-BF4B-00C04F79EFBC}") = "quiz-3", "quiz-3.csproj", "{EC1F5406-E262-4E05-BF69-94B4B1F77294}"
EndProject
Global
	GlobalSection(SolutionConfigurationPlatforms) = preSolution
		Debug|Any CPU = Debug|Any CPU
		Release|Any CPU = Release|Any CPU
	EndGlobalSection
	GlobalSection(ProjectConfigurationPlatforms) = postSolution
		{EC1F5406-E262-4E05-BF69-94B4B1F77294}.Debug|Any CPU.ActiveCfg = Debug|Any CPU
		{EC1F5406-E262-4E05-BF69-94B4B1F77294}.Debug|Any CPU.Build.0 = Debug|Any CPU
		{EC1F5406-E262-4E05-BF69-94B4B1F77294}.Release|Any CPU.ActiveCfg = Release|Any CPU
		{EC1F5406-E262-4E05-BF69-94B4B1F77294}.Release|Any CPU.Build.0 = Release|Any CPU
	EndGlobalSection
	GlobalSection(SolutionProperties) = preSolution
		HideSolutionNode = FALSE
	EndGlobalSection
	GlobalSection(ExtensibilityGlobals) = postSolution
		SolutionGuid = {E55CB510-827E-4490-B1FC-C527C78906D7}
	EndGlobalSection
EndGlobal
