
Microsoft Visual Studio Solution File, Format Version 12.00
# Visual Studio Version 16
VisualStudioVersion = 16.0.30907.101
MinimumVisualStudioVersion = 10.0.40219.1
Project("{FAE04EC0-301F-11D3-BF4B-00C04F79EFBC}") = "Hello World", "Hello World.csproj", "{CD9DAD13-534E-481F-856F-9C9FFC3C057F}"
EndProject
Global
	GlobalSection(SolutionConfigurationPlatforms) = preSolution
		Debug|Any CPU = Debug|Any CPU
		Release|Any CPU = Release|Any CPU
	EndGlobalSection
	GlobalSection(ProjectConfigurationPlatforms) = postSolution
		{CD9DAD13-534E-481F-856F-9C9FFC3C057F}.Debug|Any CPU.ActiveCfg = Debug|Any CPU
		{CD9DAD13-534E-481F-856F-9C9FFC3C057F}.Debug|Any CPU.Build.0 = Debug|Any CPU
		{CD9DAD13-534E-481F-856F-9C9FFC3C057F}.Release|Any CPU.ActiveCfg = Release|Any CPU
		{CD9DAD13-534E-481F-856F-9C9FFC3C057F}.Release|Any CPU.Build.0 = Release|Any CPU
	EndGlobalSection
	GlobalSection(SolutionProperties) = preSolution
		HideSolutionNode = FALSE
	EndGlobalSection
	GlobalSection(ExtensibilityGlobals) = postSolution
		SolutionGuid = {58678459-3FC4-447F-821C-3CCC63ED31F1}
	EndGlobalSection
EndGlobal
